
Microsoft Visual Studio Solution File, Format Version 12.00
# Visual Studio Version 17
VisualStudioVersion = 17.4.33205.214
MinimumVisualStudioVersion = 10.0.40219.1
Project("{9A19103F-16F7-4668-BE54-9A1E7A4F7556}") = "Bai1_Delegate_trong_Csharp", "Bai1_Delegate_trong_Csharp\Bai1_Delegate_trong_Csharp.csproj", "{722F54C2-235B-4975-BFB2-6C8A7753201C}"
EndProject
Project("{9A19103F-16F7-4668-BE54-9A1E7A4F7556}") = "Bai2_Bieu_thuc_lambda", "Bai2_Bieu_thuc_lambda\Bai2_Bieu_thuc_lambda.csproj", "{F00CD2F7-D6FA-44D3-8F7E-C381457A0B52}"
EndProject
Project("{9A19103F-16F7-4668-BE54-9A1E7A4F7556}") = "Bai3_Event", "Bai3_Event\Bai3_Event.csproj", "{28CA741D-BC35-41E9-B3FD-63E9FD2EFFBD}"
EndProject
Project("{9A19103F-16F7-4668-BE54-9A1E7A4F7556}") = "Bai4_Extension_Method", "Bai4_Extension_Method\Bai4_Extension_Method.csproj", "{C6125EF4-4E97-403D-9641-BD0188FEBDA9}"
EndProject
Project("{9A19103F-16F7-4668-BE54-9A1E7A4F7556}") = "Bai5_Readonly_OperatorOverloading_Indexer", "Bai5_Readonly_OperatorOverloading_Indexer\Bai5_Readonly_OperatorOverloading_Indexer.csproj", "{974D257D-10D1-474E-9231-AA39A3276070}"
EndProject
Project("{9A19103F-16F7-4668-BE54-9A1E7A4F7556}") = "Bai6_IDisposable", "Bai6_IDisposable\Bai6_IDisposable.csproj", "{ABDC81A1-DD71-40CC-91C7-930AE2972AEE}"
EndProject
Project("{9A19103F-16F7-4668-BE54-9A1E7A4F7556}") = "Bai7_File", "Bai7_File\Bai7_File.csproj", "{BF34B7E2-B0CF-4769-B290-7ACCE980B43A}"
EndProject
Project("{9A19103F-16F7-4668-BE54-9A1E7A4F7556}") = "Bai8_FileStream", "Bai8_FileStream\Bai8_FileStream.csproj", "{2FE993C0-E720-45FE-B2C2-9392D43035FA}"
EndProject
Project("{9A19103F-16F7-4668-BE54-9A1E7A4F7556}") = "Bai9_LINQ", "Bai9_LINQ\Bai9_LINQ.csproj", "{0DB35FFF-5556-4C6A-AAF3-217E7C0F1EF6}"
EndProject
Project("{9A19103F-16F7-4668-BE54-9A1E7A4F7556}") = "Bai10_Asynchronous", "Bai10_Asynchronous\Bai10_Asynchronous.csproj", "{12726935-6C63-421A-A357-5A81A5D968A9}"
EndProject
Project("{FAE04EC0-301F-11D3-BF4B-00C04F79EFBC}") = "Bai11_Lop_Type", "Bai11_Lop_Type\Bai11_Lop_Type.csproj", "{F242D2AC-EEF4-490C-B307-71F817E9EDC9}"
EndProject
Project("{FAE04EC0-301F-11D3-BF4B-00C04F79EFBC}") = "Bai12_Attribute", "Bai12_Attribute\Bai12_Attribute.csproj", "{CAA76364-638B-4074-A88E-26B803159DA4}"
EndProject
Global
	GlobalSection(SolutionConfigurationPlatforms) = preSolution
		Debug|Any CPU = Debug|Any CPU
		Release|Any CPU = Release|Any CPU
	EndGlobalSection
	GlobalSection(ProjectConfigurationPlatforms) = postSolution
		{722F54C2-235B-4975-BFB2-6C8A7753201C}.Debug|Any CPU.ActiveCfg = Debug|Any CPU
		{722F54C2-235B-4975-BFB2-6C8A7753201C}.Debug|Any CPU.Build.0 = Debug|Any CPU
		{722F54C2-235B-4975-BFB2-6C8A7753201C}.Release|Any CPU.ActiveCfg = Release|Any CPU
		{722F54C2-235B-4975-BFB2-6C8A7753201C}.Release|Any CPU.Build.0 = Release|Any CPU
		{F00CD2F7-D6FA-44D3-8F7E-C381457A0B52}.Debug|Any CPU.ActiveCfg = Debug|Any CPU
		{F00CD2F7-D6FA-44D3-8F7E-C381457A0B52}.Debug|Any CPU.Build.0 = Debug|Any CPU
		{F00CD2F7-D6FA-44D3-8F7E-C381457A0B52}.Release|Any CPU.ActiveCfg = Release|Any CPU
		{F00CD2F7-D6FA-44D3-8F7E-C381457A0B52}.Release|Any CPU.Build.0 = Release|Any CPU
		{28CA741D-BC35-41E9-B3FD-63E9FD2EFFBD}.Debug|Any CPU.ActiveCfg = Debug|Any CPU
		{28CA741D-BC35-41E9-B3FD-63E9FD2EFFBD}.Debug|Any CPU.Build.0 = Debug|Any CPU
		{28CA741D-BC35-41E9-B3FD-63E9FD2EFFBD}.Release|Any CPU.ActiveCfg = Release|Any CPU
		{28CA741D-BC35-41E9-B3FD-63E9FD2EFFBD}.Release|Any CPU.Build.0 = Release|Any CPU
		{C6125EF4-4E97-403D-9641-BD0188FEBDA9}.Debug|Any CPU.ActiveCfg = Debug|Any CPU
		{C6125EF4-4E97-403D-9641-BD0188FEBDA9}.Debug|Any CPU.Build.0 = Debug|Any CPU
		{C6125EF4-4E97-403D-9641-BD0188FEBDA9}.Release|Any CPU.ActiveCfg = Release|Any CPU
		{C6125EF4-4E97-403D-9641-BD0188FEBDA9}.Release|Any CPU.Build.0 = Release|Any CPU
		{974D257D-10D1-474E-9231-AA39A3276070}.Debug|Any CPU.ActiveCfg = Debug|Any CPU
		{974D257D-10D1-474E-9231-AA39A3276070}.Debug|Any CPU.Build.0 = Debug|Any CPU
		{974D257D-10D1-474E-9231-AA39A3276070}.Release|Any CPU.ActiveCfg = Release|Any CPU
		{974D257D-10D1-474E-9231-AA39A3276070}.Release|Any CPU.Build.0 = Release|Any CPU
		{ABDC81A1-DD71-40CC-91C7-930AE2972AEE}.Debug|Any CPU.ActiveCfg = Debug|Any CPU
		{ABDC81A1-DD71-40CC-91C7-930AE2972AEE}.Debug|Any CPU.Build.0 = Debug|Any CPU
		{ABDC81A1-DD71-40CC-91C7-930AE2972AEE}.Release|Any CPU.ActiveCfg = Release|Any CPU
		{ABDC81A1-DD71-40CC-91C7-930AE2972AEE}.Release|Any CPU.Build.0 = Release|Any CPU
		{BF34B7E2-B0CF-4769-B290-7ACCE980B43A}.Debug|Any CPU.ActiveCfg = Debug|Any CPU
		{BF34B7E2-B0CF-4769-B290-7ACCE980B43A}.Debug|Any CPU.Build.0 = Debug|Any CPU
		{BF34B7E2-B0CF-4769-B290-7ACCE980B43A}.Release|Any CPU.ActiveCfg = Release|Any CPU
		{BF34B7E2-B0CF-4769-B290-7ACCE980B43A}.Release|Any CPU.Build.0 = Release|Any CPU
		{2FE993C0-E720-45FE-B2C2-9392D43035FA}.Debug|Any CPU.ActiveCfg = Debug|Any CPU
		{2FE993C0-E720-45FE-B2C2-9392D43035FA}.Debug|Any CPU.Build.0 = Debug|Any CPU
		{2FE993C0-E720-45FE-B2C2-9392D43035FA}.Release|Any CPU.ActiveCfg = Release|Any CPU
		{2FE993C0-E720-45FE-B2C2-9392D43035FA}.Release|Any CPU.Build.0 = Release|Any CPU
		{0DB35FFF-5556-4C6A-AAF3-217E7C0F1EF6}.Debug|Any CPU.ActiveCfg = Debug|Any CPU
		{0DB35FFF-5556-4C6A-AAF3-217E7C0F1EF6}.Debug|Any CPU.Build.0 = Debug|Any CPU
		{0DB35FFF-5556-4C6A-AAF3-217E7C0F1EF6}.Release|Any CPU.ActiveCfg = Release|Any CPU
		{0DB35FFF-5556-4C6A-AAF3-217E7C0F1EF6}.Release|Any CPU.Build.0 = Release|Any CPU
		{12726935-6C63-421A-A357-5A81A5D968A9}.Debug|Any CPU.ActiveCfg = Debug|Any CPU
		{12726935-6C63-421A-A357-5A81A5D968A9}.Debug|Any CPU.Build.0 = Debug|Any CPU
		{12726935-6C63-421A-A357-5A81A5D968A9}.Release|Any CPU.ActiveCfg = Release|Any CPU
		{12726935-6C63-421A-A357-5A81A5D968A9}.Release|Any CPU.Build.0 = Release|Any CPU
		{F242D2AC-EEF4-490C-B307-71F817E9EDC9}.Debug|Any CPU.ActiveCfg = Debug|Any CPU
		{F242D2AC-EEF4-490C-B307-71F817E9EDC9}.Debug|Any CPU.Build.0 = Debug|Any CPU
		{F242D2AC-EEF4-490C-B307-71F817E9EDC9}.Release|Any CPU.ActiveCfg = Release|Any CPU
		{F242D2AC-EEF4-490C-B307-71F817E9EDC9}.Release|Any CPU.Build.0 = Release|Any CPU
		{CAA76364-638B-4074-A88E-26B803159DA4}.Debug|Any CPU.ActiveCfg = Debug|Any CPU
		{CAA76364-638B-4074-A88E-26B803159DA4}.Debug|Any CPU.Build.0 = Debug|Any CPU
		{CAA76364-638B-4074-A88E-26B803159DA4}.Release|Any CPU.ActiveCfg = Release|Any CPU
		{CAA76364-638B-4074-A88E-26B803159DA4}.Release|Any CPU.Build.0 = Release|Any CPU
	EndGlobalSection
	GlobalSection(SolutionProperties) = preSolution
		HideSolutionNode = FALSE
	EndGlobalSection
	GlobalSection(ExtensibilityGlobals) = postSolution
		SolutionGuid = {9A1DCE0A-642E-4ADE-9B87-ACB1B3AA9BA6}
	EndGlobalSection
EndGlobal
